// !$*UTF8*$!
{
	archiveVersion = 1;
	classes = {
	};
	objectVersion = 56;
	objects = {

/* Begin PBXBuildFile section */
		B255CD3B2AC87F5B0038D6A2 /* ReGithubDemoApp.swift in Sources */ = {isa = PBXBuildFile; fileRef = B255CD3A2AC87F5B0038D6A2 /* ReGithubDemoApp.swift */; };
		B255CD3D2AC87F5B0038D6A2 /* ContentView.swift in Sources */ = {isa = PBXBuildFile; fileRef = B255CD3C2AC87F5B0038D6A2 /* ContentView.swift */; };
		B255CD3F2AC87F5C0038D6A2 /* Assets.xcassets in Resources */ = {isa = PBXBuildFile; fileRef = B255CD3E2AC87F5C0038D6A2 /* Assets.xcassets */; };
		B255CD432AC87F5C0038D6A2 /* Preview Assets.xcassets in Resources */ = {isa = PBXBuildFile; fileRef = B255CD422AC87F5C0038D6A2 /* Preview Assets.xcassets */; };
		B255CD4D2AC87F5C0038D6A2 /* ReGithubDemoTests.swift in Sources */ = {isa = PBXBuildFile; fileRef = B255CD4C2AC87F5C0038D6A2 /* ReGithubDemoTests.swift */; };
		B255CD572AC87F5C0038D6A2 /* ReGithubDemoUITests.swift in Sources */ = {isa = PBXBuildFile; fileRef = B255CD562AC87F5C0038D6A2 /* ReGithubDemoUITests.swift */; };
		B255CD592AC87F5C0038D6A2 /* ReGithubDemoUITestsLaunchTests.swift in Sources */ = {isa = PBXBuildFile; fileRef = B255CD582AC87F5C0038D6A2 /* ReGithubDemoUITestsLaunchTests.swift */; };
/* End PBXBuildFile section */

/* Begin PBXContainerItemProxy section */
		B255CD492AC87F5C0038D6A2 /* PBXContainerItemProxy */ = {
			isa = PBXContainerItemProxy;
			containerPortal = B255CD2F2AC87F5B0038D6A2 /* Project object */;
			proxyType = 1;
			remoteGlobalIDString = B255CD362AC87F5B0038D6A2;
			remoteInfo = ReGithubDemo;
		};
		B255CD532AC87F5C0038D6A2 /* PBXContainerItemProxy */ = {
			isa = PBXContainerItemProxy;
			containerPortal = B255CD2F2AC87F5B0038D6A2 /* Project object */;
			proxyType = 1;
			remoteGlobalIDString = B255CD362AC87F5B0038D6A2;
			remoteInfo = ReGithubDemo;
		};
/* End PBXContainerItemProxy section */

/* Begin PBXFileReference section */
		B255CD372AC87F5B0038D6A2 /* ReGithubDemo.app */ = {isa = PBXFileReference; explicitFileType = wrapper.application; includeInIndex = 0; path = ReGithubDemo.app; sourceTree = BUILT_PRODUCTS_DIR; };
		B255CD3A2AC87F5B0038D6A2 /* ReGithubDemoApp.swift */ = {isa = PBXFileReference; lastKnownFileType = sourcecode.swift; path = ReGithubDemoApp.swift; sourceTree = "<group>"; };
		B255CD3C2AC87F5B0038D6A2 /* ContentView.swift */ = {isa = PBXFileReference; lastKnownFileType = sourcecode.swift; path = ContentView.swift; sourceTree = "<group>"; };
		B255CD3E2AC87F5C0038D6A2 /* Assets.xcassets */ = {isa = PBXFileReference; lastKnownFileType = folder.assetcatalog; path = Assets.xcassets; sourceTree = "<group>"; };
		B255CD402AC87F5C0038D6A2 /* ReGithubDemo.entitlements */ = {isa = PBXFileReference; lastKnownFileType = text.plist.entitlements; path = ReGithubDemo.entitlements; sourceTree = "<group>"; };
		B255CD422AC87F5C0038D6A2 /* Preview Assets.xcassets */ = {isa = PBXFileReference; lastKnownFileType = folder.assetcatalog; path = "Preview Assets.xcassets"; sourceTree = "<group>"; };
		B255CD482AC87F5C0038D6A2 /* ReGithubDemoTests.xctest */ = {isa = PBXFileReference; explicitFileType = wrapper.cfbundle; includeInIndex = 0; path = ReGithubDemoTests.xctest; sourceTree = BUILT_PRODUCTS_DIR; };
		B255CD4C2AC87F5C0038D6A2 /* ReGithubDemoTests.swift */ = {isa = PBXFileReference; lastKnownFileType = sourcecode.swift; path = ReGithubDemoTests.swift; sourceTree = "<group>"; };
		B255CD522AC87F5C0038D6A2 /* ReGithubDemoUITests.xctest */ = {isa = PBXFileReference; explicitFileType = wrapper.cfbundle; includeInIndex = 0; path = ReGithubDemoUITests.xctest; sourceTree = BUILT_PRODUCTS_DIR; };
		B255CD562AC87F5C0038D6A2 /* ReGithubDemoUITests.swift */ = {isa = PBXFileReference; lastKnownFileType = sourcecode.swift; path = ReGithubDemoUITests.swift; sourceTree = "<group>"; };
		B255CD582AC87F5C0038D6A2 /* ReGithubDemoUITestsLaunchTests.swift */ = {isa = PBXFileReference; lastKnownFileType = sourcecode.swift; path = ReGithubDemoUITestsLaunchTests.swift; sourceTree = "<group>"; };
/* End PBXFileReference section */

/* Begin PBXFrameworksBuildPhase section */
		B255CD342AC87F5B0038D6A2 /* Frameworks */ = {
			isa = PBXFrameworksBuildPhase;
			buildActionMask = 2147483647;
			files = (
			);
			runOnlyForDeploymentPostprocessing = 0;
		};
		B255CD452AC87F5C0038D6A2 /* Frameworks */ = {
			isa = PBXFrameworksBuildPhase;
			buildActionMask = 2147483647;
			files = (
			);
			runOnlyForDeploymentPostprocessing = 0;
		};
		B255CD4F2AC87F5C0038D6A2 /* Frameworks */ = {
			isa = PBXFrameworksBuildPhase;
			buildActionMask = 2147483647;
			files = (
			);
			runOnlyForDeploymentPostprocessing = 0;
		};
/* End PBXFrameworksBuildPhase section */

/* Begin PBXGroup section */
		B255CD2E2AC87F5B0038D6A2 = {
			isa = PBXGroup;
			children = (
				B255CD392AC87F5B0038D6A2 /* ReGithubDemo */,
				B255CD4B2AC87F5C0038D6A2 /* ReGithubDemoTests */,
				B255CD552AC87F5C0038D6A2 /* ReGithubDemoUITests */,
				B255CD382AC87F5B0038D6A2 /* Products */,
			);
			sourceTree = "<group>";
		};
		B255CD382AC87F5B0038D6A2 /* Products */ = {
			isa = PBXGroup;
			children = (
				B255CD372AC87F5B0038D6A2 /* ReGithubDemo.app */,
				B255CD482AC87F5C0038D6A2 /* ReGithubDemoTests.xctest */,
				B255CD522AC87F5C0038D6A2 /* ReGithubDemoUITests.xctest */,
			);
			name = Products;
			sourceTree = "<group>";
		};
		B255CD392AC87F5B0038D6A2 /* ReGithubDemo */ = {
			isa = PBXGroup;
			children = (
				B255CD3A2AC87F5B0038D6A2 /* ReGithubDemoApp.swift */,
				B255CD3C2AC87F5B0038D6A2 /* ContentView.swift */,
				B255CD3E2AC87F5C0038D6A2 /* Assets.xcassets */,
				B255CD402AC87F5C0038D6A2 /* ReGithubDemo.entitlements */,
				B255CD412AC87F5C0038D6A2 /* Preview Content */,
			);
			path = ReGithubDemo;
			sourceTree = "<group>";
		};
		B255CD412AC87F5C0038D6A2 /* Preview Content */ = {
			isa = PBXGroup;
			children = (
				B255CD422AC87F5C0038D6A2 /* Preview Assets.xcassets */,
			);
			path = "Preview Content";
			sourceTree = "<group>";
		};
		B255CD4B2AC87F5C0038D6A2 /* ReGithubDemoTests */ = {
			isa = PBXGroup;
			children = (
				B255CD4C2AC87F5C0038D6A2 /* ReGithubDemoTests.swift */,
			);
			path = ReGithubDemoTests;
			sourceTree = "<group>";
		};
		B255CD552AC87F5C0038D6A2 /* ReGithubDemoUITests */ = {
			isa = PBXGroup;
			children = (
				B255CD562AC87F5C0038D6A2 /* ReGithubDemoUITests.swift */,
				B255CD582AC87F5C0038D6A2 /* ReGithubDemoUITestsLaunchTests.swift */,
			);
			path = ReGithubDemoUITests;
			sourceTree = "<group>";
		};
/* End PBXGroup section */

/* Begin PBXNativeTarget section */
		B255CD362AC87F5B0038D6A2 /* ReGithubDemo */ = {
			isa = PBXNativeTarget;
			buildConfigurationList = B255CD5C2AC87F5C0038D6A2 /* Build configuration list for PBXNativeTarget "ReGithubDemo" */;
			buildPhases = (
				B255CD332AC87F5B0038D6A2 /* Sources */,
				B255CD342AC87F5B0038D6A2 /* Frameworks */,
				B255CD352AC87F5B0038D6A2 /* Resources */,
			);
			buildRules = (
			);
			dependencies = (
			);
			name = ReGithubDemo;
			productName = ReGithubDemo;
			productReference = B255CD372AC87F5B0038D6A2 /* ReGithubDemo.app */;
			productType = "com.apple.product-type.application";
		};
		B255CD472AC87F5C0038D6A2 /* ReGithubDemoTests */ = {
			isa = PBXNativeTarget;
			buildConfigurationList = B255CD5F2AC87F5C0038D6A2 /* Build configuration list for PBXNativeTarget "ReGithubDemoTests" */;
			buildPhases = (
				B255CD442AC87F5C0038D6A2 /* Sources */,
				B255CD452AC87F5C0038D6A2 /* Frameworks */,
				B255CD462AC87F5C0038D6A2 /* Resources */,
			);
			buildRules = (
			);
			dependencies = (
				B255CD4A2AC87F5C0038D6A2 /* PBXTargetDependency */,
			);
			name = ReGithubDemoTests;
			productName = ReGithubDemoTests;
			productReference = B255CD482AC87F5C0038D6A2 /* ReGithubDemoTests.xctest */;
			productType = "com.apple.product-type.bundle.unit-test";
		};
		B255CD512AC87F5C0038D6A2 /* ReGithubDemoUITests */ = {
			isa = PBXNativeTarget;
			buildConfigurationList = B255CD622AC87F5C0038D6A2 /* Build configuration list for PBXNativeTarget "ReGithubDemoUITests" */;
			buildPhases = (
				B255CD4E2AC87F5C0038D6A2 /* Sources */,
				B255CD4F2AC87F5C0038D6A2 /* Frameworks */,
				B255CD502AC87F5C0038D6A2 /* Resources */,
			);
			buildRules = (
			);
			dependencies = (
				B255CD542AC87F5C0038D6A2 /* PBXTargetDependency */,
			);
			name = ReGithubDemoUITests;
			productName = ReGithubDemoUITests;
			productReference = B255CD522AC87F5C0038D6A2 /* ReGithubDemoUITests.xctest */;
			productType = "com.apple.product-type.bundle.ui-testing";
		};
/* End PBXNativeTarget section */

/* Begin PBXProject section */
		B255CD2F2AC87F5B0038D6A2 /* Project object */ = {
			isa = PBXProject;
			attributes = {
				BuildIndependentTargetsInParallel = 1;
				LastSwiftUpdateCheck = 1500;
				LastUpgradeCheck = 1500;
				TargetAttributes = {
					B255CD362AC87F5B0038D6A2 = {
						CreatedOnToolsVersion = 15.0;
					};
					B255CD472AC87F5C0038D6A2 = {
						CreatedOnToolsVersion = 15.0;
						TestTargetID = B255CD362AC87F5B0038D6A2;
					};
					B255CD512AC87F5C0038D6A2 = {
						CreatedOnToolsVersion = 15.0;
						TestTargetID = B255CD362AC87F5B0038D6A2;
					};
				};
			};
			buildConfigurationList = B255CD322AC87F5B0038D6A2 /* Build configuration list for PBXProject "ReGithubDemo" */;
			compatibilityVersion = "Xcode 14.0";
			developmentRegion = en;
			hasScannedForEncodings = 0;
			knownRegions = (
				en,
				Base,
			);
			mainGroup = B255CD2E2AC87F5B0038D6A2;
			productRefGroup = B255CD382AC87F5B0038D6A2 /* Products */;
			projectDirPath = "";
			projectRoot = "";
			targets = (
				B255CD362AC87F5B0038D6A2 /* ReGithubDemo */,
				B255CD472AC87F5C0038D6A2 /* ReGithubDemoTests */,
				B255CD512AC87F5C0038D6A2 /* ReGithubDemoUITests */,
			);
		};
/* End PBXProject section */

/* Begin PBXResourcesBuildPhase section */
		B255CD352AC87F5B0038D6A2 /* Resources */ = {
			isa = PBXResourcesBuildPhase;
			buildActionMask = 2147483647;
			files = (
				B255CD432AC87F5C0038D6A2 /* Preview Assets.xcassets in Resources */,
				B255CD3F2AC87F5C0038D6A2 /* Assets.xcassets in Resources */,
			);
			runOnlyForDeploymentPostprocessing = 0;
		};
		B255CD462AC87F5C0038D6A2 /* Resources */ = {
			isa = PBXResourcesBuildPhase;
			buildActionMask = 2147483647;
			files = (
			);
			runOnlyForDeploymentPostprocessing = 0;
		};
		B255CD502AC87F5C0038D6A2 /* Resources */ = {
			isa = PBXResourcesBuildPhase;
			buildActionMask = 2147483647;
			files = (
			);
			runOnlyForDeploymentPostprocessing = 0;
		};
/* End PBXResourcesBuildPhase section */

/* Begin PBXSourcesBuildPhase section */
		B255CD332AC87F5B0038D6A2 /* Sources */ = {
			isa = PBXSourcesBuildPhase;
			buildActionMask = 2147483647;
			files = (
				B255CD3D2AC87F5B0038D6A2 /* ContentView.swift in Sources */,
				B255CD3B2AC87F5B0038D6A2 /* ReGithubDemoApp.swift in Sources */,
			);
			runOnlyForDeploymentPostprocessing = 0;
		};
		B255CD442AC87F5C0038D6A2 /* Sources */ = {
			isa = PBXSourcesBuildPhase;
			buildActionMask = 2147483647;
			files = (
				B255CD4D2AC87F5C0038D6A2 /* ReGithubDemoTests.swift in Sources */,
			);
			runOnlyForDeploymentPostprocessing = 0;
		};
		B255CD4E2AC87F5C0038D6A2 /* Sources */ = {
			isa = PBXSourcesBuildPhase;
			buildActionMask = 2147483647;
			files = (
				B255CD572AC87F5C0038D6A2 /* ReGithubDemoUITests.swift in Sources */,
				B255CD592AC87F5C0038D6A2 /* ReGithubDemoUITestsLaunchTests.swift in Sources */,
			);
			runOnlyForDeploymentPostprocessing = 0;
		};
/* End PBXSourcesBuildPhase section */

/* Begin PBXTargetDependency section */
		B255CD4A2AC87F5C0038D6A2 /* PBXTargetDependency */ = {
			isa = PBXTargetDependency;
			target = B255CD362AC87F5B0038D6A2 /* ReGithubDemo */;
			targetProxy = B255CD492AC87F5C0038D6A2 /* PBXContainerItemProxy */;
		};
		B255CD542AC87F5C0038D6A2 /* PBXTargetDependency */ = {
			isa = PBXTargetDependency;
			target = B255CD362AC87F5B0038D6A2 /* ReGithubDemo */;
			targetProxy = B255CD532AC87F5C0038D6A2 /* PBXContainerItemProxy */;
		};
/* End PBXTargetDependency section */

/* Begin XCBuildConfiguration section */
		B255CD5A2AC87F5C0038D6A2 /* Debug */ = {
			isa = XCBuildConfiguration;
			buildSettings = {
				ALWAYS_SEARCH_USER_PATHS = NO;
				ASSETCATALOG_COMPILER_GENERATE_SWIFT_ASSET_SYMBOL_EXTENSIONS = YES;
				CLANG_ANALYZER_NONNULL = YES;
				CLANG_ANALYZER_NUMBER_OBJECT_CONVERSION = YES_AGGRESSIVE;
				CLANG_CXX_LANGUAGE_STANDARD = "gnu++20";
				CLANG_ENABLE_MODULES = YES;
				CLANG_ENABLE_OBJC_ARC = YES;
				CLANG_ENABLE_OBJC_WEAK = YES;
				CLANG_WARN_BLOCK_CAPTURE_AUTORELEASING = YES;
				CLANG_WARN_BOOL_CONVERSION = YES;
				CLANG_WARN_COMMA = YES;
				CLANG_WARN_CONSTANT_CONVERSION = YES;
				CLANG_WARN_DEPRECATED_OBJC_IMPLEMENTATIONS = YES;
				CLANG_WARN_DIRECT_OBJC_ISA_USAGE = YES_ERROR;
				CLANG_WARN_DOCUMENTATION_COMMENTS = YES;
				CLANG_WARN_EMPTY_BODY = YES;
				CLANG_WARN_ENUM_CONVERSION = YES;
				CLANG_WARN_INFINITE_RECURSION = YES;
				CLANG_WARN_INT_CONVERSION = YES;
				CLANG_WARN_NON_LITERAL_NULL_CONVERSION = YES;
				CLANG_WARN_OBJC_IMPLICIT_RETAIN_SELF = YES;
				CLANG_WARN_OBJC_LITERAL_CONVERSION = YES;
				CLANG_WARN_OBJC_ROOT_CLASS = YES_ERROR;
				CLANG_WARN_QUOTED_INCLUDE_IN_FRAMEWORK_HEADER = YES;
				CLANG_WARN_RANGE_LOOP_ANALYSIS = YES;
				CLANG_WARN_STRICT_PROTOTYPES = YES;
				CLANG_WARN_SUSPICIOUS_MOVE = YES;
				CLANG_WARN_UNGUARDED_AVAILABILITY = YES_AGGRESSIVE;
				CLANG_WARN_UNREACHABLE_CODE = YES;
				CLANG_WARN__DUPLICATE_METHOD_MATCH = YES;
				COPY_PHASE_STRIP = NO;
				DEBUG_INFORMATION_FORMAT = dwarf;
				ENABLE_STRICT_OBJC_MSGSEND = YES;
				ENABLE_TESTABILITY = YES;
				ENABLE_USER_SCRIPT_SANDBOXING = YES;
				GCC_C_LANGUAGE_STANDARD = gnu17;
				GCC_DYNAMIC_NO_PIC = NO;
				GCC_NO_COMMON_BLOCKS = YES;
				GCC_OPTIMIZATION_LEVEL = 0;
				GCC_PREPROCESSOR_DEFINITIONS = (
					"DEBUG=1",
					"$(inherited)",
				);
				GCC_WARN_64_TO_32_BIT_CONVERSION = YES;
				GCC_WARN_ABOUT_RETURN_TYPE = YES_ERROR;
				GCC_WARN_UNDECLARED_SELECTOR = YES;
				GCC_WARN_UNINITIALIZED_AUTOS = YES_AGGRESSIVE;
				GCC_WARN_UNUSED_FUNCTION = YES;
				GCC_WARN_UNUSED_VARIABLE = YES;
				LOCALIZATION_PREFERS_STRING_CATALOGS = YES;
				MTL_ENABLE_DEBUG_INFO = INCLUDE_SOURCE;
				MTL_FAST_MATH = YES;
				ONLY_ACTIVE_ARCH = YES;
				SWIFT_ACTIVE_COMPILATION_CONDITIONS = "DEBUG $(inherited)";
				SWIFT_OPTIMIZATION_LEVEL = "-Onone";
			};
			name = Debug;
		};
		B255CD5B2AC87F5C0038D6A2 /* Release */ = {
			isa = XCBuildConfiguration;
			buildSettings = {
				ALWAYS_SEARCH_USER_PATHS = NO;
				ASSETCATALOG_COMPILER_GENERATE_SWIFT_ASSET_SYMBOL_EXTENSIONS = YES;
				CLANG_ANALYZER_NONNULL = YES;
				CLANG_ANALYZER_NUMBER_OBJECT_CONVERSION = YES_AGGRESSIVE;
				CLANG_CXX_LANGUAGE_STANDARD = "gnu++20";
				CLANG_ENABLE_MODULES = YES;
				CLANG_ENABLE_OBJC_ARC = YES;
				CLANG_ENABLE_OBJC_WEAK = YES;
				CLANG_WARN_BLOCK_CAPTURE_AUTORELEASING = YES;
				CLANG_WARN_BOOL_CONVERSION = YES;
				CLANG_WARN_COMMA = YES;
				CLANG_WARN_CONSTANT_CONVERSION = YES;
				CLANG_WARN_DEPRECATED_OBJC_IMPLEMENTATIONS = YES;
				CLANG_WARN_DIRECT_OBJC_ISA_USAGE = YES_ERROR;
				CLANG_WARN_DOCUMENTATION_COMMENTS = YES;
				CLANG_WARN_EMPTY_BODY = YES;
				CLANG_WARN_ENUM_CONVERSION = YES;
				CLANG_WARN_INFINITE_RECURSION = YES;
				CLANG_WARN_INT_CONVERSION = YES;
				CLANG_WARN_NON_LITERAL_NULL_CONVERSION = YES;
				CLANG_WARN_OBJC_IMPLICIT_RETAIN_SELF = YES;
				CLANG_WARN_OBJC_LITERAL_CONVERSION = YES;
				CLANG_WARN_OBJC_ROOT_CLASS = YES_ERROR;
				CLANG_WARN_QUOTED_INCLUDE_IN_FRAMEWORK_HEADER = YES;
				CLANG_WARN_RANGE_LOOP_ANALYSIS = YES;
				CLANG_WARN_STRICT_PROTOTYPES = YES;
				CLANG_WARN_SUSPICIOUS_MOVE = YES;
				CLANG_WARN_UNGUARDED_AVAILABILITY = YES_AGGRESSIVE;
				CLANG_WARN_UNREACHABLE_CODE = YES;
				CLANG_WARN__DUPLICATE_METHOD_MATCH = YES;
				COPY_PHASE_STRIP = NO;
				DEBUG_INFORMATION_FORMAT = "dwarf-with-dsym";
				ENABLE_NS_ASSERTIONS = NO;
				ENABLE_STRICT_OBJC_MSGSEND = YES;
				ENABLE_USER_SCRIPT_SANDBOXING = YES;
				GCC_C_LANGUAGE_STANDARD = gnu17;
				GCC_NO_COMMON_BLOCKS = YES;
				GCC_WARN_64_TO_32_BIT_CONVERSION = YES;
				GCC_WARN_ABOUT_RETURN_TYPE = YES_ERROR;
				GCC_WARN_UNDECLARED_SELECTOR = YES;
				GCC_WARN_UNINITIALIZED_AUTOS = YES_AGGRESSIVE;
				GCC_WARN_UNUSED_FUNCTION = YES;
				GCC_WARN_UNUSED_VARIABLE = YES;
				LOCALIZATION_PREFERS_STRING_CATALOGS = YES;
				MTL_ENABLE_DEBUG_INFO = NO;
				MTL_FAST_MATH = YES;
				SWIFT_COMPILATION_MODE = wholemodule;
			};
			name = Release;
		};
		B255CD5D2AC87F5C0038D6A2 /* Debug */ = {
			isa = XCBuildConfiguration;
			buildSettings = {
				ASSETCATALOG_COMPILER_APPICON_NAME = AppIcon;
				ASSETCATALOG_COMPILER_GLOBAL_ACCENT_COLOR_NAME = AccentColor;
				CODE_SIGN_ENTITLEMENTS = ReGithubDemo/ReGithubDemo.entitlements;
				CODE_SIGN_STYLE = Automatic;
				CURRENT_PROJECT_VERSION = 1;
				DEVELOPMENT_ASSET_PATHS = "\"ReGithubDemo/Preview Content\"";
				ENABLE_PREVIEWS = YES;
				GENERATE_INFOPLIST_FILE = YES;
				"INFOPLIST_KEY_UIApplicationSceneManifest_Generation[sdk=iphoneos*]" = YES;
				"INFOPLIST_KEY_UIApplicationSceneManifest_Generation[sdk=iphonesimulator*]" = YES;
				"INFOPLIST_KEY_UIApplicationSupportsIndirectInputEvents[sdk=iphoneos*]" = YES;
				"INFOPLIST_KEY_UIApplicationSupportsIndirectInputEvents[sdk=iphonesimulator*]" = YES;
				"INFOPLIST_KEY_UILaunchScreen_Generation[sdk=iphoneos*]" = YES;
				"INFOPLIST_KEY_UILaunchScreen_Generation[sdk=iphonesimulator*]" = YES;
				"INFOPLIST_KEY_UIStatusBarStyle[sdk=iphoneos*]" = UIStatusBarStyleDefault;
				"INFOPLIST_KEY_UIStatusBarStyle[sdk=iphonesimulator*]" = UIStatusBarStyleDefault;
				INFOPLIST_KEY_UISupportedInterfaceOrientations_iPad = "UIInterfaceOrientationPortrait UIInterfaceOrientationPortraitUpsideDown UIInterfaceOrientationLandscapeLeft UIInterfaceOrientationLandscapeRight";
				INFOPLIST_KEY_UISupportedInterfaceOrientations_iPhone = "UIInterfaceOrientationPortrait UIInterfaceOrientationLandscapeLeft UIInterfaceOrientationLandscapeRight";
				IPHONEOS_DEPLOYMENT_TARGET = 17.0;
				LD_RUNPATH_SEARCH_PATHS = "@executable_path/Frameworks";
				"LD_RUNPATH_SEARCH_PATHS[sdk=macosx*]" = "@executable_path/../Frameworks";
				MACOSX_DEPLOYMENT_TARGET = 14.0;
				MARKETING_VERSION = 1.0;
				PRODUCT_BUNDLE_IDENTIFIER = com.Litao.ReGithubDemo;
				PRODUCT_NAME = "$(TARGET_NAME)";
				SDKROOT = auto;
				SUPPORTED_PLATFORMS = "iphoneos iphonesimulator macosx";
				SWIFT_EMIT_LOC_STRINGS = YES;
				SWIFT_VERSION = 5.0;
				TARGETED_DEVICE_FAMILY = "1,2";
			};
			name = Debug;
		};
		B255CD5E2AC87F5C0038D6A2 /* Release */ = {
			isa = XCBuildConfiguration;
			buildSettings = {
				ASSETCATALOG_COMPILER_APPICON_NAME = AppIcon;
				ASSETCATALOG_COMPILER_GLOBAL_ACCENT_COLOR_NAME = AccentColor;
				CODE_SIGN_ENTITLEMENTS = ReGithubDemo/ReGithubDemo.entitlements;
				CODE_SIGN_STYLE = Automatic;
				CURRENT_PROJECT_VERSION = 1;
				DEVELOPMENT_ASSET_PATHS = "\"ReGithubDemo/Preview Content\"";
				ENABLE_PREVIEWS = YES;
				GENERATE_INFOPLIST_FILE = YES;
				"INFOPLIST_KEY_UIApplicationSceneManifest_Generation[sdk=iphoneos*]" = YES;
				"INFOPLIST_KEY_UIApplicationSceneManifest_Generation[sdk=iphonesimulator*]" = YES;
				"INFOPLIST_KEY_UIApplicationSupportsIndirectInputEvents[sdk=iphoneos*]" = YES;
				"INFOPLIST_KEY_UIApplicationSupportsIndirectInputEvents[sdk=iphonesimulator*]" = YES;
				"INFOPLIST_KEY_UILaunchScreen_Generation[sdk=iphoneos*]" = YES;
				"INFOPLIST_KEY_UILaunchScreen_Generation[sdk=iphonesimulator*]" = YES;
				"INFOPLIST_KEY_UIStatusBarStyle[sdk=iphoneos*]" = UIStatusBarStyleDefault;
				"INFOPLIST_KEY_UIStatusBarStyle[sdk=iphonesimulator*]" = UIStatusBarStyleDefault;
				INFOPLIST_KEY_UISupportedInterfaceOrientations_iPad = "UIInterfaceOrientationPortrait UIInterfaceOrientationPortraitUpsideDown UIInterfaceOrientationLandscapeLeft UIInterfaceOrientationLandscapeRight";
				INFOPLIST_KEY_UISupportedInterfaceOrientations_iPhone = "UIInterfaceOrientationPortrait UIInterfaceOrientationLandscapeLeft UIInterfaceOrientationLandscapeRight";
				IPHONEOS_DEPLOYMENT_TARGET = 17.0;
				LD_RUNPATH_SEARCH_PATHS = "@executable_path/Frameworks";
				"LD_RUNPATH_SEARCH_PATHS[sdk=macosx*]" = "@executable_path/../Frameworks";
				MACOSX_DEPLOYMENT_TARGET = 14.0;
				MARKETING_VERSION = 1.0;
				PRODUCT_BUNDLE_IDENTIFIER = com.Litao.ReGithubDemo;
				PRODUCT_NAME = "$(TARGET_NAME)";
				SDKROOT = auto;
				SUPPORTED_PLATFORMS = "iphoneos iphonesimulator macosx";
				SWIFT_EMIT_LOC_STRINGS = YES;
				SWIFT_VERSION = 5.0;
				TARGETED_DEVICE_FAMILY = "1,2";
			};
			name = Release;
		};
		B255CD602AC87F5C0038D6A2 /* Debug */ = {
			isa = XCBuildConfiguration;
			buildSettings = {
				ALWAYS_EMBED_SWIFT_STANDARD_LIBRARIES = YES;
				BUNDLE_LOADER = "$(TEST_HOST)";
				CODE_SIGN_STYLE = Automatic;
				CURRENT_PROJECT_VERSION = 1;
				GENERATE_INFOPLIST_FILE = YES;
				IPHONEOS_DEPLOYMENT_TARGET = 17.0;
				MACOSX_DEPLOYMENT_TARGET = 14.0;
				MARKETING_VERSION = 1.0;
				PRODUCT_BUNDLE_IDENTIFIER = com.Litao.ReGithubDemoTests;
				PRODUCT_NAME = "$(TARGET_NAME)";
				SDKROOT = auto;
				SUPPORTED_PLATFORMS = "iphoneos iphonesimulator macosx";
				SWIFT_EMIT_LOC_STRINGS = NO;
				SWIFT_VERSION = 5.0;
				TARGETED_DEVICE_FAMILY = "1,2";
				TEST_HOST = "$(BUILT_PRODUCTS_DIR)/ReGithubDemo.app/$(BUNDLE_EXECUTABLE_FOLDER_PATH)/ReGithubDemo";
			};
			name = Debug;
		};
		B255CD612AC87F5C0038D6A2 /* Release */ = {
			isa = XCBuildConfiguration;
			buildSettings = {
				ALWAYS_EMBED_SWIFT_STANDARD_LIBRARIES = YES;
				BUNDLE_LOADER = "$(TEST_HOST)";
				CODE_SIGN_STYLE = Automatic;
				CURRENT_PROJECT_VERSION = 1;
				GENERATE_INFOPLIST_FILE = YES;
				IPHONEOS_DEPLOYMENT_TARGET = 17.0;
				MACOSX_DEPLOYMENT_TARGET = 14.0;
				MARKETING_VERSION = 1.0;
				PRODUCT_BUNDLE_IDENTIFIER = com.Litao.ReGithubDemoTests;
				PRODUCT_NAME = "$(TARGET_NAME)";
				SDKROOT = auto;
				SUPPORTED_PLATFORMS = "iphoneos iphonesimulator macosx";
				SWIFT_EMIT_LOC_STRINGS = NO;
				SWIFT_VERSION = 5.0;
				TARGETED_DEVICE_FAMILY = "1,2";
				TEST_HOST = "$(BUILT_PRODUCTS_DIR)/ReGithubDemo.app/$(BUNDLE_EXECUTABLE_FOLDER_PATH)/ReGithubDemo";
			};
			name = Release;
		};
		B255CD632AC87F5C0038D6A2 /* Debug */ = {
			isa = XCBuildConfiguration;
			buildSettings = {
				ALWAYS_EMBED_SWIFT_STANDARD_LIBRARIES = YES;
				CODE_SIGN_STYLE = Automatic;
				CURRENT_PROJECT_VERSION = 1;
				GENERATE_INFOPLIST_FILE = YES;
				IPHONEOS_DEPLOYMENT_TARGET = 17.0;
				MACOSX_DEPLOYMENT_TARGET = 14.0;
				MARKETING_VERSION = 1.0;
				PRODUCT_BUNDLE_IDENTIFIER = com.Litao.ReGithubDemoUITests;
				PRODUCT_NAME = "$(TARGET_NAME)";
				SDKROOT = auto;
				SUPPORTED_PLATFORMS = "iphoneos iphonesimulator macosx";
				SWIFT_EMIT_LOC_STRINGS = NO;
				SWIFT_VERSION = 5.0;
				TARGETED_DEVICE_FAMILY = "1,2";
				TEST_TARGET_NAME = ReGithubDemo;
			};
			name = Debug;
		};
		B255CD642AC87F5C0038D6A2 /* Release */ = {
			isa = XCBuildConfiguration;
			buildSettings = {
				ALWAYS_EMBED_SWIFT_STANDARD_LIBRARIES = YES;
				CODE_SIGN_STYLE = Automatic;
				CURRENT_PROJECT_VERSION = 1;
				GENERATE_INFOPLIST_FILE = YES;
				IPHONEOS_DEPLOYMENT_TARGET = 17.0;
				MACOSX_DEPLOYMENT_TARGET = 14.0;
				MARKETING_VERSION = 1.0;
				PRODUCT_BUNDLE_IDENTIFIER = com.Litao.ReGithubDemoUITests;
				PRODUCT_NAME = "$(TARGET_NAME)";
				SDKROOT = auto;
				SUPPORTED_PLATFORMS = "iphoneos iphonesimulator macosx";
				SWIFT_EMIT_LOC_STRINGS = NO;
				SWIFT_VERSION = 5.0;
				TARGETED_DEVICE_FAMILY = "1,2";
				TEST_TARGET_NAME = ReGithubDemo;
			};
			name = Release;
		};
/* End XCBuildConfiguration section */

/* Begin XCConfigurationList section */
		B255CD322AC87F5B0038D6A2 /* Build configuration list for PBXProject "ReGithubDemo" */ = {
			isa = XCConfigurationList;
			buildConfigurations = (
				B255CD5A2AC87F5C0038D6A2 /* Debug */,
				B255CD5B2AC87F5C0038D6A2 /* Release */,
			);
			defaultConfigurationIsVisible = 0;
			defaultConfigurationName = Release;
		};
		B255CD5C2AC87F5C0038D6A2 /* Build configuration list for PBXNativeTarget "ReGithubDemo" */ = {
			isa = XCConfigurationList;
			buildConfigurations = (
				B255CD5D2AC87F5C0038D6A2 /* Debug */,
				B255CD5E2AC87F5C0038D6A2 /* Release */,
			);
			defaultConfigurationIsVisible = 0;
			defaultConfigurationName = Release;
		};
		B255CD5F2AC87F5C0038D6A2 /* Build configuration list for PBXNativeTarget "ReGithubDemoTests" */ = {
			isa = XCConfigurationList;
			buildConfigurations = (
				B255CD602AC87F5C0038D6A2 /* Debug */,
				B255CD612AC87F5C0038D6A2 /* Release */,
			);
			defaultConfigurationIsVisible = 0;
			defaultConfigurationName = Release;
		};
		B255CD622AC87F5C0038D6A2 /* Build configuration list for PBXNativeTarget "ReGithubDemoUITests" */ = {
			isa = XCConfigurationList;
			buildConfigurations = (
				B255CD632AC87F5C0038D6A2 /* Debug */,
				B255CD642AC87F5C0038D6A2 /* Release */,
			);
			defaultConfigurationIsVisible = 0;
			defaultConfigurationName = Release;
		};
/* End XCConfigurationList section */
	};
	rootObject = B255CD2F2AC87F5B0038D6A2 /* Project object */;
}
